
Microsoft Visual Studio Solution File, Format Version 12.00
# Visual Studio 2012
Project("{FAE04EC0-301F-11D3-BF4B-00C04F79EFBC}") = "Store2008", "Store2008\Store2008.csproj", "{D68CB2BC-7C2B-41B2-9322-E439D89964AB}"
EndProject
Project("{FAE04EC0-301F-11D3-BF4B-00C04F79EFBC}") = "Store2008.Tests", "Store2008.Tests\Store2008.Tests.csproj", "{DE427172-0ED7-4E17-A502-DE1BFD070FD7}"
EndProject
Project("{FAE04EC0-301F-11D3-BF4B-00C04F79EFBC}") = "ShoppingService", "ShoppingService\ShoppingService.csproj", "{875E16E4-B3DF-45B3-A045-506ADD3E3D52}"
EndProject
Project("{FAE04EC0-301F-11D3-BF4B-00C04F79EFBC}") = "AccountService", "AccountService\AccountService.csproj", "{0DD10E6E-3E1E-4B17-991E-D0A9B8D5AA5F}"
EndProject
Project("{FAE04EC0-301F-11D3-BF4B-00C04F79EFBC}") = "InventoryService", "InventoryService\InventoryService.csproj", "{2E3CE64A-75F5-497B-93C3-0A6F66A4EAEE}"
EndProject
Project("{2150E333-8FDC-42A3-9474-1A3956D46DE8}") = "Services", "Services", "{144A6172-7ECB-453D-9A80-B52591BAF728}"
EndProject
Global
	GlobalSection(SolutionConfigurationPlatforms) = preSolution
		Debug|Any CPU = Debug|Any CPU
		Release|Any CPU = Release|Any CPU
	EndGlobalSection
	GlobalSection(ProjectConfigurationPlatforms) = postSolution
		{D68CB2BC-7C2B-41B2-9322-E439D89964AB}.Debug|Any CPU.ActiveCfg = Debug|Any CPU
		{D68CB2BC-7C2B-41B2-9322-E439D89964AB}.Debug|Any CPU.Build.0 = Debug|Any CPU
		{D68CB2BC-7C2B-41B2-9322-E439D89964AB}.Release|Any CPU.ActiveCfg = Release|Any CPU
		{D68CB2BC-7C2B-41B2-9322-E439D89964AB}.Release|Any CPU.Build.0 = Release|Any CPU
		{DE427172-0ED7-4E17-A502-DE1BFD070FD7}.Debug|Any CPU.ActiveCfg = Debug|Any CPU
		{DE427172-0ED7-4E17-A502-DE1BFD070FD7}.Debug|Any CPU.Build.0 = Debug|Any CPU
		{DE427172-0ED7-4E17-A502-DE1BFD070FD7}.Release|Any CPU.ActiveCfg = Release|Any CPU
		{DE427172-0ED7-4E17-A502-DE1BFD070FD7}.Release|Any CPU.Build.0 = Release|Any CPU
		{875E16E4-B3DF-45B3-A045-506ADD3E3D52}.Debug|Any CPU.ActiveCfg = Debug|Any CPU
		{875E16E4-B3DF-45B3-A045-506ADD3E3D52}.Debug|Any CPU.Build.0 = Debug|Any CPU
		{875E16E4-B3DF-45B3-A045-506ADD3E3D52}.Release|Any CPU.ActiveCfg = Release|Any CPU
		{875E16E4-B3DF-45B3-A045-506ADD3E3D52}.Release|Any CPU.Build.0 = Release|Any CPU
		{0DD10E6E-3E1E-4B17-991E-D0A9B8D5AA5F}.Debug|Any CPU.ActiveCfg = Debug|Any CPU
		{0DD10E6E-3E1E-4B17-991E-D0A9B8D5AA5F}.Debug|Any CPU.Build.0 = Debug|Any CPU
		{0DD10E6E-3E1E-4B17-991E-D0A9B8D5AA5F}.Release|Any CPU.ActiveCfg = Release|Any CPU
		{0DD10E6E-3E1E-4B17-991E-D0A9B8D5AA5F}.Release|Any CPU.Build.0 = Release|Any CPU
		{2E3CE64A-75F5-497B-93C3-0A6F66A4EAEE}.Debug|Any CPU.ActiveCfg = Debug|Any CPU
		{2E3CE64A-75F5-497B-93C3-0A6F66A4EAEE}.Debug|Any CPU.Build.0 = Debug|Any CPU
		{2E3CE64A-75F5-497B-93C3-0A6F66A4EAEE}.Release|Any CPU.ActiveCfg = Release|Any CPU
		{2E3CE64A-75F5-497B-93C3-0A6F66A4EAEE}.Release|Any CPU.Build.0 = Release|Any CPU
	EndGlobalSection
	GlobalSection(NestedProjects) = preSolution
		{0DD10E6E-3E1E-4B17-991E-D0A9B8D5AA5F} = {144A6172-7ECB-453D-9A80-B52591BAF728}
		{2E3CE64A-75F5-497B-93C3-0A6F66A4EAEE} = {144A6172-7ECB-453D-9A80-B52591BAF728}
		{875E16E4-B3DF-45B3-A045-506ADD3E3D52} = {144A6172-7ECB-453D-9A80-B52591BAF728}
	EndGlobalSection
EndGlobal
